
Microsoft Visual Studio Solution File, Format Version 12.00
# Visual Studio 15
VisualStudioVersion = 15.0.27004.2002
MinimumVisualStudioVersion = 10.0.40219.1
Project("{9A19103F-16F7-4668-BE54-9A1E7A4F7556}") = "Reading Corner", "Reading Corner\Reading Corner.csproj", "{37D15215-2892-4578-BB48-0BD06E0184D7}"
EndProject
Global
	GlobalSection(SolutionConfigurationPlatforms) = preSolution
		Debug|Any CPU = Debug|Any CPU
		Release|Any CPU = Release|Any CPU
	EndGlobalSection
	GlobalSection(ProjectConfigurationPlatforms) = postSolution
		{37D15215-2892-4578-BB48-0BD06E0184D7}.Debug|Any CPU.ActiveCfg = Debug|Any CPU
		{37D15215-2892-4578-BB48-0BD06E0184D7}.Debug|Any CPU.Build.0 = Debug|Any CPU
		{37D15215-2892-4578-BB48-0BD06E0184D7}.Release|Any CPU.ActiveCfg = Release|Any CPU
		{37D15215-2892-4578-BB48-0BD06E0184D7}.Release|Any CPU.Build.0 = Release|Any CPU
	EndGlobalSection
	GlobalSection(SolutionProperties) = preSolution
		HideSolutionNode = FALSE
	EndGlobalSection
	GlobalSection(ExtensibilityGlobals) = postSolution
		SolutionGuid = {48D6AAD8-CB8C-4B42-B8E3-E4641364CF25}
	EndGlobalSection
EndGlobal
